
Microsoft Visual Studio Solution File, Format Version 12.00
# Visual Studio Version 16
VisualStudioVersion = 16.0.30611.23
MinimumVisualStudioVersion = 10.0.40219.1
Project("{9A19103F-16F7-4668-BE54-9A1E7A4F7556}") = "Varga_Bogdan_lab2", "Varga_Bogdan_lab2.csproj", "{B72274F9-3FE7-49BA-A782-521F4DED768A}"
EndProject
Project("{FAE04EC0-301F-11D3-BF4B-00C04F79EFBC}") = "LibraryModel", "..\Varga_Bogdan_lab2 - Copie\LibraryModel\LibraryModel.csproj", "{E26B479A-C6CB-4DED-B8BB-12245D328336}"
EndProject
Project("{FAE04EC0-301F-11D3-BF4B-00C04F79EFBC}") = "LibraryWebAPI", "..\Varga_Bogdan_lab2 - Copie\LibraryWebAPI\LibraryWebAPI.csproj", "{0E8B77FE-282D-4747-B2DD-7913F2969355}"
EndProject
Global
	GlobalSection(SolutionConfigurationPlatforms) = preSolution
		Debug|Any CPU = Debug|Any CPU
		Release|Any CPU = Release|Any CPU
	EndGlobalSection
	GlobalSection(ProjectConfigurationPlatforms) = postSolution
		{B72274F9-3FE7-49BA-A782-521F4DED768A}.Debug|Any CPU.ActiveCfg = Debug|Any CPU
		{B72274F9-3FE7-49BA-A782-521F4DED768A}.Debug|Any CPU.Build.0 = Debug|Any CPU
		{B72274F9-3FE7-49BA-A782-521F4DED768A}.Release|Any CPU.ActiveCfg = Release|Any CPU
		{B72274F9-3FE7-49BA-A782-521F4DED768A}.Release|Any CPU.Build.0 = Release|Any CPU
		{E26B479A-C6CB-4DED-B8BB-12245D328336}.Debug|Any CPU.ActiveCfg = Debug|Any CPU
		{E26B479A-C6CB-4DED-B8BB-12245D328336}.Debug|Any CPU.Build.0 = Debug|Any CPU
		{E26B479A-C6CB-4DED-B8BB-12245D328336}.Release|Any CPU.ActiveCfg = Release|Any CPU
		{E26B479A-C6CB-4DED-B8BB-12245D328336}.Release|Any CPU.Build.0 = Release|Any CPU
		{0E8B77FE-282D-4747-B2DD-7913F2969355}.Debug|Any CPU.ActiveCfg = Debug|Any CPU
		{0E8B77FE-282D-4747-B2DD-7913F2969355}.Debug|Any CPU.Build.0 = Debug|Any CPU
		{0E8B77FE-282D-4747-B2DD-7913F2969355}.Release|Any CPU.ActiveCfg = Release|Any CPU
		{0E8B77FE-282D-4747-B2DD-7913F2969355}.Release|Any CPU.Build.0 = Release|Any CPU
	EndGlobalSection
	GlobalSection(SolutionProperties) = preSolution
		HideSolutionNode = FALSE
	EndGlobalSection
	GlobalSection(ExtensibilityGlobals) = postSolution
		SolutionGuid = {AFF75C21-5B42-4B6A-8B4A-BAF0903922D5}
	EndGlobalSection
EndGlobal
